
Microsoft Visual Studio Solution File, Format Version 12.00
# Visual Studio Version 16
VisualStudioVersion = 16.0.30621.155
MinimumVisualStudioVersion = 10.0.40219.1
Project("{FAE04EC0-301F-11D3-BF4B-00C04F79EFBC}") = "RatioAlphaTccV1.0", "RatioAlphaTccV1.0\RatioAlphaTccV1.0.csproj", "{7E092DAB-AB29-4492-84BA-2808F7CDB7F9}"
EndProject
Global
	GlobalSection(SolutionConfigurationPlatforms) = preSolution
		Debug|Any CPU = Debug|Any CPU
		Release|Any CPU = Release|Any CPU
	EndGlobalSection
	GlobalSection(ProjectConfigurationPlatforms) = postSolution
		{7E092DAB-AB29-4492-84BA-2808F7CDB7F9}.Debug|Any CPU.ActiveCfg = Debug|Any CPU
		{7E092DAB-AB29-4492-84BA-2808F7CDB7F9}.Debug|Any CPU.Build.0 = Debug|Any CPU
		{7E092DAB-AB29-4492-84BA-2808F7CDB7F9}.Release|Any CPU.ActiveCfg = Release|Any CPU
		{7E092DAB-AB29-4492-84BA-2808F7CDB7F9}.Release|Any CPU.Build.0 = Release|Any CPU
	EndGlobalSection
	GlobalSection(SolutionProperties) = preSolution
		HideSolutionNode = FALSE
	EndGlobalSection
	GlobalSection(ExtensibilityGlobals) = postSolution
		SolutionGuid = {60700274-5984-404C-AE22-B3A534F70DE5}
	EndGlobalSection
EndGlobal
